
Microsoft Visual Studio Solution File, Format Version 12.00
# Visual Studio Version 17
VisualStudioVersion = 17.7.34202.233
MinimumVisualStudioVersion = 10.0.40219.1
Project("{9A19103F-16F7-4668-BE54-9A1E7A4F7556}") = "MultipleChoiceTestsGenerator", "MultipleChoiceTestsGenerator\MultipleChoiceTestsGenerator.csproj", "{2354EF0F-3810-47D6-858E-610EED9531ED}"
EndProject
Project("{9A19103F-16F7-4668-BE54-9A1E7A4F7556}") = "ServerApplication", "ServerApplication\ServerApplication.csproj", "{FD8E4A86-8347-437D-8283-5BA68737E1CC}"
EndProject
Project("{FAE04EC0-301F-11D3-BF4B-00C04F79EFBC}") = "ServerApplicationTests", "ServerApplicationTests\ServerApplicationTests.csproj", "{558600D4-BB16-43BF-BEA3-53543B8EDA53}"
EndProject
Global
	GlobalSection(SolutionConfigurationPlatforms) = preSolution
		Debug|Any CPU = Debug|Any CPU
		Release|Any CPU = Release|Any CPU
	EndGlobalSection
	GlobalSection(ProjectConfigurationPlatforms) = postSolution
		{2354EF0F-3810-47D6-858E-610EED9531ED}.Debug|Any CPU.ActiveCfg = Debug|Any CPU
		{2354EF0F-3810-47D6-858E-610EED9531ED}.Debug|Any CPU.Build.0 = Debug|Any CPU
		{2354EF0F-3810-47D6-858E-610EED9531ED}.Release|Any CPU.ActiveCfg = Release|Any CPU
		{2354EF0F-3810-47D6-858E-610EED9531ED}.Release|Any CPU.Build.0 = Release|Any CPU
		{FD8E4A86-8347-437D-8283-5BA68737E1CC}.Debug|Any CPU.ActiveCfg = Debug|Any CPU
		{FD8E4A86-8347-437D-8283-5BA68737E1CC}.Debug|Any CPU.Build.0 = Debug|Any CPU
		{FD8E4A86-8347-437D-8283-5BA68737E1CC}.Release|Any CPU.ActiveCfg = Release|Any CPU
		{FD8E4A86-8347-437D-8283-5BA68737E1CC}.Release|Any CPU.Build.0 = Release|Any CPU
		{558600D4-BB16-43BF-BEA3-53543B8EDA53}.Debug|Any CPU.ActiveCfg = Debug|Any CPU
		{558600D4-BB16-43BF-BEA3-53543B8EDA53}.Debug|Any CPU.Build.0 = Debug|Any CPU
		{558600D4-BB16-43BF-BEA3-53543B8EDA53}.Release|Any CPU.ActiveCfg = Release|Any CPU
		{558600D4-BB16-43BF-BEA3-53543B8EDA53}.Release|Any CPU.Build.0 = Release|Any CPU
	EndGlobalSection
	GlobalSection(SolutionProperties) = preSolution
		HideSolutionNode = FALSE
	EndGlobalSection
	GlobalSection(ExtensibilityGlobals) = postSolution
		SolutionGuid = {DB77B80D-1D56-4F83-A8FA-086463AD4130}
	EndGlobalSection
EndGlobal
